
Microsoft Visual Studio Solution File, Format Version 12.00
# Visual Studio Version 17
VisualStudioVersion = 17.13.35913.81 d17.13
MinimumVisualStudioVersion = 10.0.40219.1
Project("{FAE04EC0-301F-11D3-BF4B-00C04F79EFBC}") = "Vistas", "Vistas\Vistas.csproj", "{0EFA9851-4A2B-45DA-A792-9BE4E59E69B7}"
EndProject
Project("{FAE04EC0-301F-11D3-BF4B-00C04F79EFBC}") = "Datos", "Datos\Datos.csproj", "{3BC9BA65-2A88-4442-9929-632EF2A4DDFA}"
EndProject
Global
	GlobalSection(SolutionConfigurationPlatforms) = preSolution
		Debug|Any CPU = Debug|Any CPU
		Release|Any CPU = Release|Any CPU
	EndGlobalSection
	GlobalSection(ProjectConfigurationPlatforms) = postSolution
		{0EFA9851-4A2B-45DA-A792-9BE4E59E69B7}.Debug|Any CPU.ActiveCfg = Debug|Any CPU
		{0EFA9851-4A2B-45DA-A792-9BE4E59E69B7}.Debug|Any CPU.Build.0 = Debug|Any CPU
		{0EFA9851-4A2B-45DA-A792-9BE4E59E69B7}.Release|Any CPU.ActiveCfg = Release|Any CPU
		{0EFA9851-4A2B-45DA-A792-9BE4E59E69B7}.Release|Any CPU.Build.0 = Release|Any CPU
		{3BC9BA65-2A88-4442-9929-632EF2A4DDFA}.Debug|Any CPU.ActiveCfg = Debug|Any CPU
		{3BC9BA65-2A88-4442-9929-632EF2A4DDFA}.Debug|Any CPU.Build.0 = Debug|Any CPU
		{3BC9BA65-2A88-4442-9929-632EF2A4DDFA}.Release|Any CPU.ActiveCfg = Release|Any CPU
		{3BC9BA65-2A88-4442-9929-632EF2A4DDFA}.Release|Any CPU.Build.0 = Release|Any CPU
	EndGlobalSection
	GlobalSection(SolutionProperties) = preSolution
		HideSolutionNode = FALSE
	EndGlobalSection
	GlobalSection(ExtensibilityGlobals) = postSolution
		SolutionGuid = {343A3D9C-744B-44C9-AB26-B370BE951687}
	EndGlobalSection
EndGlobal
